# THIS IS AN AUTOGENERATED FILE. DO NOT EDIT THIS FILE DIRECTLY.
# yarn lockfile v1


"@cashapp/sqldelight-sqljs-worker@2.1.0":
  version "2.1.0"
  resolved "https://registry.yarnpkg.com/@cashapp/sqldelight-sqljs-worker/-/sqldelight-sqljs-worker-2.1.0.tgz#4ab898698aca9487f47fc9a42107c606c3ce81c5"
  integrity sha512-odvBljb1rUOCk3UUZgjdiAChEohYI4Fy6Tj3NUy3l6u3WV/we+tjDTJ/kC25CJKD4pv0ZlH5AL1sKsZ5clKCew==

"@js-joda/core@3.2.0":
  version "3.2.0"
  resolved "https://registry.yarnpkg.com/@js-joda/core/-/core-3.2.0.tgz#3e61e21b7b2b8a6be746df1335cf91d70db2a273"
  integrity sha512-PMqgJ0sw5B7FKb2d5bWYIoxjri+QlW/Pys7+Rw82jSH0QN3rB05jZ/VrrsUdh1w4+i2kw9JOejXGq/KhDOX7Kg==

sql.js@1.10.3:
  version "1.10.3"
  resolved "https://registry.yarnpkg.com/sql.js/-/sql.js-1.10.3.tgz#cd05043a9e2667010cd0520180577c90df8dd990"
  integrity sha512-H46aWtQkdyjZwFQgraUruy5h/DyJBbAK3EA/WEMqiqF6PGPfKBSKBj/er3dVyYqVIoYfRf5TFM/loEjtQIrqJg==

ws@8.18.3:
  version "8.18.3"
  resolved "https://registry.yarnpkg.com/ws/-/ws-8.18.3.tgz#b56b88abffde62791c639170400c93dcb0c95472"
  integrity sha512-PEIGCY5tSlUt50cqyMXfCzX+oOPqN0vuGqWzbcJ2xvnkzkq46oOpz7dQaTDBdfICb4N14+GARUDw2XV2N4tvzg==
